{
  "version": 4,
  "terraform_version": "1.4.6",
  "serial": 9,
  "lineage": "51c41d0a-369e-ea25-b14a-eff43294e612",
  "outputs": {},
  "resources": [
    {
      "mode": "managed",
      "type": "azurerm_resource_group",
      "name": "example",
      "provider": "provider[\"registry.terraform.io/hashicorp/azurerm\"]",
      "instances": [
        {
          "schema_version": 0,
          "attributes": {
            "id": "/subscriptions/d0a09ce2-89ac-4053-9978-23c875174d44/resourceGroups/workflow-resources",
            "location": "westeurope",
            "name": "workflow-resources",
            "tags": null,
            "timeouts": null
          },
          "sensitive_attributes": [],
          "private": "eyJlMmJmYjczMC1lY2FhLTExZTYtOGY4OC0zNDM2M2JjN2M0YzAiOnsiY3JlYXRlIjo1NDAwMDAwMDAwMDAwLCJkZWxldGUiOjU0MDAwMDAwMDAwMDAsInJlYWQiOjMwMDAwMDAwMDAwMCwidXBkYXRlIjo1NDAwMDAwMDAwMDAwfX0="
        }
      ]
    },
    {
      "mode": "managed",
      "type": "azurerm_template_deployment",
      "name": "example",
      "provider": "provider[\"registry.terraform.io/hashicorp/azurerm\"]",
      "instances": [
        {
          "schema_version": 1,
          "attributes": {
            "deployment_mode": "Incremental",
            "id": "/subscriptions/d0a09ce2-89ac-4053-9978-23c875174d44/resourceGroups/workflow-resources/providers/Microsoft.Resources/deployments/logic-app-01",
            "name": "logic-app-01",
            "outputs": {
              "manageId": "fd6f5678-5566-47f8-a2fc-9860d71a8016"
            },
            "parameters": {
              "logicappName": "logic-app-01"
            },
            "parameters_body": null,
            "resource_group_name": "workflow-resources",
            "template_body": "{\"$schema\":\"https://schema.management.azure.com/schemas/2019-04-01/deploymentTemplate.json#\",\"contentVersion\":\"1.0.0.0\",\"functions\":[],\"outputs\":{\"manageId\":{\"type\":\"string\",\"value\":\"[reference(resourceId('Microsoft.Logic/workflows',parameters('logicappName')),'2016-06-01','Full').identity.principalId]\"}},\"parameters\":{\"logicappName\":{\"metadata\":{\"description\":\"logic app Name\"},\"type\":\"string\"}},\"resources\":[{\"apiVersion\":\"2016-06-01\",\"identity\":{\"type\":\"SystemAssigned\"},\"location\":\"[resourceGroup().location]\",\"name\":\"[parameters('logicappName')]\",\"properties\":{\"definition\":{\"$schema\":\"https://schema.management.azure.com/providers/Microsoft.Logic/schemas/2016-06-01/workflowdefinition.json#\",\"actions\":{},\"contentVersion\":\"1.0.0.0\",\"outputs\":{},\"parameters\":{},\"triggers\":{}}},\"type\":\"Microsoft.logic/workflows\"}],\"variables\":{}}",
            "timeouts": null
          },
          "sensitive_attributes": [],
          "private": "eyJlMmJmYjczMC1lY2FhLTExZTYtOGY4OC0zNDM2M2JjN2M0YzAiOnsiY3JlYXRlIjoxMDgwMDAwMDAwMDAwMCwiZGVsZXRlIjoxMDgwMDAwMDAwMDAwMCwicmVhZCI6MzAwMDAwMDAwMDAwLCJ1cGRhdGUiOjEwODAwMDAwMDAwMDAwfSwic2NoZW1hX3ZlcnNpb24iOiIxIn0=",
          "dependencies": [
            "azurerm_resource_group.example"
          ]
        }
      ]
    }
  ],
  "check_results": null
}
